<?xml version="1.0" encoding="utf-8"?>
<Project ToolsVersion="4.0" xmlns="http://schemas.microsoft.com/developer/msbuild/2003">
  <ItemGroup>
    <Filter Include="Source Files">
      <UniqueIdentifier>{4FC737F1-C7A5-4376-A066-2A32D752A2FF}</UniqueIdentifier>
      <Extensions>cpp;c;cc;cxx;def;odl;idl;hpj;bat;asm;asmx</Extensions>
    </Filter>
    <Filter Include="Header Files">
      <UniqueIdentifier>{93995380-89BD-4b04-88EB-625FBE52EBFB}</UniqueIdentifier>
      <Extensions>h;hh;hpp;hxx;hm;inl;inc;xsd</Extensions>
    </Filter>
    <Filter Include="Resource Files">
      <UniqueIdentifier>{67DA6AB6-F800-4c08-8B7A-83BB121AAD01}</UniqueIdentifier>
      <Extensions>rc;ico;cur;bmp;dlg;rc2;rct;bin;rgs;gif;jpg;jpeg;jpe;resx;tiff;tif;png;wav</Extensions>
    </Filter>
    <Filter Include="Cards">
      <UniqueIdentifier>{fb6af6c9-3d05-472c-9f6b-0c0f69954d62}</UniqueIdentifier>
    </Filter>
    <Filter Include="Enums">
      <UniqueIdentifier>{8f3b41de-b71f-45e7-b2c9-da1ea35dd53c}</UniqueIdentifier>
    </Filter>
    <Filter Include="States">
      <UniqueIdentifier>{fe1f6821-8bf7-465f-a314-0283a9416cd0}</UniqueIdentifier>
    </Filter>
    <Filter Include="States\enums">
      <UniqueIdentifier>{be48c787-63ca-4cc6-8394-9d543fc69fbc}</UniqueIdentifier>
    </Filter>
    <Filter Include="Game">
      <UniqueIdentifier>{29a49910-aaff-4d39-9e2e-3b22269081ba}</UniqueIdentifier>
    </Filter>
    <Filter Include="Game\GameArea">
      <UniqueIdentifier>{5b39cdaf-ad9b-4401-88aa-dc210d1d0fea}</UniqueIdentifier>
    </Filter>
    <Filter Include="Game\InputParser">
      <UniqueIdentifier>{ece1b14a-6d54-4bd7-9433-49282797f194}</UniqueIdentifier>
    </Filter>
    <Filter Include="Game\SDL2">
      <UniqueIdentifier>{4a6fcf16-5044-4da7-bb44-37f657a4b346}</UniqueIdentifier>
    </Filter>
    <Filter Include="Game\SDL2\Assets">
      <UniqueIdentifier>{0073132b-af1c-47a7-be66-e705ee7b3910}</UniqueIdentifier>
    </Filter>
    <Filter Include="Cards\CardFactory">
      <UniqueIdentifier>{f9159bc8-8e6b-45bb-a128-2627f4818d0d}</UniqueIdentifier>
    </Filter>
    <Filter Include="Cards\enums">
      <UniqueIdentifier>{0cc46abf-ca1a-430e-a6cb-e4f4aae64481}</UniqueIdentifier>
    </Filter>
  </ItemGroup>
  <ItemGroup>
    <ClCompile Include="Button.cpp">
      <Filter>Source Files</Filter>
    </ClCompile>
    <ClCompile Include="main.cpp">
      <Filter>Source Files</Filter>
    </ClCompile>
    <ClCompile Include="States.cpp">
      <Filter>States</Filter>
    </ClCompile>
    <ClCompile Include="Display.cpp">
      <Filter>Game\SDL2</Filter>
    </ClCompile>
    <ClCompile Include="Game.cpp">
      <Filter>Game</Filter>
    </ClCompile>
    <ClCompile Include="GameArea.cpp">
      <Filter>Game\GameArea</Filter>
    </ClCompile>
    <ClCompile Include="Field.cpp">
      <Filter>Game\GameArea</Filter>
    </ClCompile>
    <ClCompile Include="InputParser.cpp">
      <Filter>Game\InputParser</Filter>
    </ClCompile>
    <ClCompile Include="Assets.cpp">
      <Filter>Game\SDL2\Assets</Filter>
    </ClCompile>
    <ClCompile Include="CardFactory.cpp">
      <Filter>Cards\CardFactory</Filter>
    </ClCompile>
  </ItemGroup>
  <ItemGroup>
    <ClInclude Include="Button.h">
      <Filter>Header Files</Filter>
    </ClInclude>
    <ClInclude Include="Coordinate.h">
      <Filter>Header Files</Filter>
    </ClInclude>
    <ClInclude Include="Card.hpp">
      <Filter>Cards</Filter>
    </ClInclude>
    <ClInclude Include="CardBomb.hpp">
      <Filter>Cards</Filter>
    </ClInclude>
    <ClInclude Include="CardCaptain.hpp">
      <Filter>Cards</Filter>
    </ClInclude>
    <ClInclude Include="CardColonel.hpp">
      <Filter>Cards</Filter>
    </ClInclude>
    <ClInclude Include="CardFlag.hpp">
      <Filter>Cards</Filter>
    </ClInclude>
    <ClInclude Include="CardGeneral.hpp">
      <Filter>Cards</Filter>
    </ClInclude>
    <ClInclude Include="CardLieutentant.hpp">
      <Filter>Cards</Filter>
    </ClInclude>
    <ClInclude Include="CardMajor.hpp">
      <Filter>Cards</Filter>
    </ClInclude>
    <ClInclude Include="CardMarshall.hpp">
      <Filter>Cards</Filter>
    </ClInclude>
    <ClInclude Include="CardMiner.hpp">
      <Filter>Cards</Filter>
    </ClInclude>
    <ClInclude Include="CardSargeant.hpp">
      <Filter>Cards</Filter>
    </ClInclude>
    <ClInclude Include="CardScout.hpp">
      <Filter>Cards</Filter>
    </ClInclude>
    <ClInclude Include="CardSpy.hpp">
      <Filter>Cards</Filter>
    </ClInclude>
    <ClInclude Include="ClickedArea.h">
      <Filter>Enums</Filter>
    </ClInclude>
    <ClInclude Include="States.h">
      <Filter>States</Filter>
    </ClInclude>
    <ClInclude Include="Display.h">
      <Filter>Game\SDL2</Filter>
    </ClInclude>
    <ClInclude Include="ProcessedEvent.hpp">
      <Filter>Game\SDL2</Filter>
    </ClInclude>
    <ClInclude Include="GamePhase.h">
      <Filter>States\enums</Filter>
    </ClInclude>
    <ClInclude Include="GameState.h">
      <Filter>States\enums</Filter>
    </ClInclude>
    <ClInclude Include="GameType.h">
      <Filter>States\enums</Filter>
    </ClInclude>
    <ClInclude Include="Turn.h">
      <Filter>States\enums</Filter>
    </ClInclude>
    <ClInclude Include="TurnState.h">
      <Filter>States\enums</Filter>
    </ClInclude>
    <ClInclude Include="UIState.h">
      <Filter>States\enums</Filter>
    </ClInclude>
    <ClInclude Include="Game.h">
      <Filter>Game</Filter>
    </ClInclude>
    <ClInclude Include="GameArea.h">
      <Filter>Game\GameArea</Filter>
    </ClInclude>
    <ClInclude Include="Field.h">
      <Filter>Game\GameArea</Filter>
    </ClInclude>
    <ClInclude Include="InputParser.h">
      <Filter>Game\InputParser</Filter>
    </ClInclude>
    <ClInclude Include="Assets.h">
      <Filter>Game\SDL2\Assets</Filter>
    </ClInclude>
    <ClInclude Include="UIElement.h">
      <Filter>Game\SDL2\Assets</Filter>
    </ClInclude>
    <ClInclude Include="CardFactory.h">
      <Filter>Cards\CardFactory</Filter>
    </ClInclude>
    <ClInclude Include="CardType.h">
      <Filter>Cards\enums</Filter>
    </ClInclude>
    <ClInclude Include="Color.h">
      <Filter>Cards\enums</Filter>
    </ClInclude>
    <ClInclude Include="FlipAnimState.h">
      <Filter>Cards\enums</Filter>
    </ClInclude>
    <ClInclude Include="Direction.h">
      <Filter>Game\GameArea</Filter>
    </ClInclude>
  </ItemGroup>
</Project>